
Microsoft Visual Studio Solution File, Format Version 12.00
# Visual Studio Version 17
VisualStudioVersion = 17.13.35919.96 d17.13
MinimumVisualStudioVersion = 10.0.40219.1
Project("{FAE04EC0-301F-11D3-BF4B-00C04F79EFBC}") = "NET_9_Business_App_MVC", "NET_9_Business_App_MVC.csproj", "{350DDC64-70BE-4EF3-ACEF-C79128922E6B}"
EndProject
Global
	GlobalSection(SolutionConfigurationPlatforms) = preSolution
		Debug|Any CPU = Debug|Any CPU
		Release|Any CPU = Release|Any CPU
	EndGlobalSection
	GlobalSection(ProjectConfigurationPlatforms) = postSolution
		{350DDC64-70BE-4EF3-ACEF-C79128922E6B}.Debug|Any CPU.ActiveCfg = Debug|Any CPU
		{350DDC64-70BE-4EF3-ACEF-C79128922E6B}.Debug|Any CPU.Build.0 = Debug|Any CPU
		{350DDC64-70BE-4EF3-ACEF-C79128922E6B}.Release|Any CPU.ActiveCfg = Release|Any CPU
		{350DDC64-70BE-4EF3-ACEF-C79128922E6B}.Release|Any CPU.Build.0 = Release|Any CPU
	EndGlobalSection
	GlobalSection(SolutionProperties) = preSolution
		HideSolutionNode = FALSE
	EndGlobalSection
	GlobalSection(ExtensibilityGlobals) = postSolution
		SolutionGuid = {9D407ABB-0FF6-448C-8A9B-0620ADB04A7A}
	EndGlobalSection
EndGlobal
